// !$*UTF8*$!
{
	archiveVersion = 1;
	classes = {
	};
	objectVersion = 50;
	objects = {

/* Begin PBXBuildFile section */
		947A374E22604170004BF175 /* AppDelegate.m in Sources */ = {isa = PBXBuildFile; fileRef = 947A374D22604170004BF175 /* AppDelegate.m */; };
		947A375122604170004BF175 /* ViewController.m in Sources */ = {isa = PBXBuildFile; fileRef = 947A375022604170004BF175 /* ViewController.m */; };
		947A375422604170004BF175 /* Main.storyboard in Resources */ = {isa = PBXBuildFile; fileRef = 947A375222604170004BF175 /* Main.storyboard */; };
		947A375622604172004BF175 /* Assets.xcassets in Resources */ = {isa = PBXBuildFile; fileRef = 947A375522604172004BF175 /* Assets.xcassets */; };
		947A375922604172004BF175 /* LaunchScreen.storyboard in Resources */ = {isa = PBXBuildFile; fileRef = 947A375722604172004BF175 /* LaunchScreen.storyboard */; };
		947A375C22604172004BF175 /* main.m in Sources */ = {isa = PBXBuildFile; fileRef = 947A375B22604172004BF175 /* main.m */; };
		CB07DE7D1C329C1F15B71B6D /* libPods-CZUtils.a in Frameworks */ = {isa = PBXBuildFile; fileRef = CDF40985066AFFBD5AF83147 /* libPods-CZUtils.a */; };
/* End PBXBuildFile section */

/* Begin PBXFileReference section */
		68361D8D67895AC49717B16E /* Pods-CZUtils.release.xcconfig */ = {isa = PBXFileReference; includeInIndex = 1; lastKnownFileType = text.xcconfig; name = "Pods-CZUtils.release.xcconfig"; path = "Pods/Target Support Files/Pods-CZUtils/Pods-CZUtils.release.xcconfig"; sourceTree = "<group>"; };
		72EB2D794792EA710A88DBF1 /* Pods-CZUtils.debug.xcconfig */ = {isa = PBXFileReference; includeInIndex = 1; lastKnownFileType = text.xcconfig; name = "Pods-CZUtils.debug.xcconfig"; path = "Pods/Target Support Files/Pods-CZUtils/Pods-CZUtils.debug.xcconfig"; sourceTree = "<group>"; };
		947A374922604170004BF175 /* CZUtils.app */ = {isa = PBXFileReference; explicitFileType = wrapper.application; includeInIndex = 0; path = CZUtils.app; sourceTree = BUILT_PRODUCTS_DIR; };
		947A374C22604170004BF175 /* AppDelegate.h */ = {isa = PBXFileReference; lastKnownFileType = sourcecode.c.h; path = AppDelegate.h; sourceTree = "<group>"; };
		947A374D22604170004BF175 /* AppDelegate.m */ = {isa = PBXFileReference; lastKnownFileType = sourcecode.c.objc; path = AppDelegate.m; sourceTree = "<group>"; };
		947A374F22604170004BF175 /* ViewController.h */ = {isa = PBXFileReference; lastKnownFileType = sourcecode.c.h; path = ViewController.h; sourceTree = "<group>"; };
		947A375022604170004BF175 /* ViewController.m */ = {isa = PBXFileReference; lastKnownFileType = sourcecode.c.objc; path = ViewController.m; sourceTree = "<group>"; };
		947A375322604170004BF175 /* Base */ = {isa = PBXFileReference; lastKnownFileType = file.storyboard; name = Base; path = Base.lproj/Main.storyboard; sourceTree = "<group>"; };
		947A375522604172004BF175 /* Assets.xcassets */ = {isa = PBXFileReference; lastKnownFileType = folder.assetcatalog; path = Assets.xcassets; sourceTree = "<group>"; };
		947A375822604172004BF175 /* Base */ = {isa = PBXFileReference; lastKnownFileType = file.storyboard; name = Base; path = Base.lproj/LaunchScreen.storyboard; sourceTree = "<group>"; };
		947A375A22604172004BF175 /* Info.plist */ = {isa = PBXFileReference; lastKnownFileType = text.plist.xml; path = Info.plist; sourceTree = "<group>"; };
		947A375B22604172004BF175 /* main.m */ = {isa = PBXFileReference; lastKnownFileType = sourcecode.c.objc; path = main.m; sourceTree = "<group>"; };
		CDF40985066AFFBD5AF83147 /* libPods-CZUtils.a */ = {isa = PBXFileReference; explicitFileType = archive.ar; includeInIndex = 0; path = "libPods-CZUtils.a"; sourceTree = BUILT_PRODUCTS_DIR; };
/* End PBXFileReference section */

/* Begin PBXFrameworksBuildPhase section */
		947A374622604170004BF175 /* Frameworks */ = {
			isa = PBXFrameworksBuildPhase;
			buildActionMask = 2147483647;
			files = (
				CB07DE7D1C329C1F15B71B6D /* libPods-CZUtils.a in Frameworks */,
			);
			runOnlyForDeploymentPostprocessing = 0;
		};
/* End PBXFrameworksBuildPhase section */

/* Begin PBXGroup section */
		303FB0114E4B9540A59F1D36 /* Frameworks */ = {
			isa = PBXGroup;
			children = (
				CDF40985066AFFBD5AF83147 /* libPods-CZUtils.a */,
			);
			name = Frameworks;
			sourceTree = "<group>";
		};
		45C02244AFDFEB411FD54717 /* Pods */ = {
			isa = PBXGroup;
			children = (
				72EB2D794792EA710A88DBF1 /* Pods-CZUtils.debug.xcconfig */,
				68361D8D67895AC49717B16E /* Pods-CZUtils.release.xcconfig */,
			);
			name = Pods;
			sourceTree = "<group>";
		};
		947A374022604170004BF175 = {
			isa = PBXGroup;
			children = (
				947A374B22604170004BF175 /* CZUtils */,
				947A374A22604170004BF175 /* Products */,
				45C02244AFDFEB411FD54717 /* Pods */,
				303FB0114E4B9540A59F1D36 /* Frameworks */,
			);
			sourceTree = "<group>";
		};
		947A374A22604170004BF175 /* Products */ = {
			isa = PBXGroup;
			children = (
				947A374922604170004BF175 /* CZUtils.app */,
			);
			name = Products;
			sourceTree = "<group>";
		};
		947A374B22604170004BF175 /* CZUtils */ = {
			isa = PBXGroup;
			children = (
				947A374C22604170004BF175 /* AppDelegate.h */,
				947A374D22604170004BF175 /* AppDelegate.m */,
				947A374F22604170004BF175 /* ViewController.h */,
				947A375022604170004BF175 /* ViewController.m */,
				947A375222604170004BF175 /* Main.storyboard */,
				947A375522604172004BF175 /* Assets.xcassets */,
				947A375722604172004BF175 /* LaunchScreen.storyboard */,
				947A375A22604172004BF175 /* Info.plist */,
				947A375B22604172004BF175 /* main.m */,
			);
			path = CZUtils;
			sourceTree = "<group>";
		};
/* End PBXGroup section */

/* Begin PBXNativeTarget section */
		947A374822604170004BF175 /* CZUtils */ = {
			isa = PBXNativeTarget;
			buildConfigurationList = 947A375F22604172004BF175 /* Build configuration list for PBXNativeTarget "CZUtils" */;
			buildPhases = (
				DBFEDED936CB245B5A338187 /* [CP] Check Pods Manifest.lock */,
				947A374522604170004BF175 /* Sources */,
				947A374622604170004BF175 /* Frameworks */,
				947A374722604170004BF175 /* Resources */,
			);
			buildRules = (
			);
			dependencies = (
			);
			name = CZUtils;
			productName = CZUtils;
			productReference = 947A374922604170004BF175 /* CZUtils.app */;
			productType = "com.apple.product-type.application";
		};
/* End PBXNativeTarget section */

/* Begin PBXProject section */
		947A374122604170004BF175 /* Project object */ = {
			isa = PBXProject;
			attributes = {
				LastUpgradeCheck = 1010;
				ORGANIZATIONNAME = ChenZhe;
				TargetAttributes = {
					947A374822604170004BF175 = {
						CreatedOnToolsVersion = 10.1;
					};
				};
			};
			buildConfigurationList = 947A374422604170004BF175 /* Build configuration list for PBXProject "CZUtils" */;
			compatibilityVersion = "Xcode 9.3";
			developmentRegion = en;
			hasScannedForEncodings = 0;
			knownRegions = (
				en,
				Base,
			);
			mainGroup = 947A374022604170004BF175;
			productRefGroup = 947A374A22604170004BF175 /* Products */;
			projectDirPath = "";
			projectRoot = "";
			targets = (
				947A374822604170004BF175 /* CZUtils */,
			);
		};
/* End PBXProject section */

/* Begin PBXResourcesBuildPhase section */
		947A374722604170004BF175 /* Resources */ = {
			isa = PBXResourcesBuildPhase;
			buildActionMask = 2147483647;
			files = (
				947A375922604172004BF175 /* LaunchScreen.storyboard in Resources */,
				947A375622604172004BF175 /* Assets.xcassets in Resources */,
				947A375422604170004BF175 /* Main.storyboard in Resources */,
			);
			runOnlyForDeploymentPostprocessing = 0;
		};
/* End PBXResourcesBuildPhase section */

/* Begin PBXShellScriptBuildPhase section */
		DBFEDED936CB245B5A338187 /* [CP] Check Pods Manifest.lock */ = {
			isa = PBXShellScriptBuildPhase;
			buildActionMask = 2147483647;
			files = (
			);
			inputPaths = (
				"${PODS_PODFILE_DIR_PATH}/Podfile.lock",
				"${PODS_ROOT}/Manifest.lock",
			);
			name = "[CP] Check Pods Manifest.lock";
			outputPaths = (
				"$(DERIVED_FILE_DIR)/Pods-CZUtils-checkManifestLockResult.txt",
			);
			runOnlyForDeploymentPostprocessing = 0;
			shellPath = /bin/sh;
			shellScript = "diff \"${PODS_PODFILE_DIR_PATH}/Podfile.lock\" \"${PODS_ROOT}/Manifest.lock\" > /dev/null\nif [ $? != 0 ] ; then\n    # print error to STDERR\n    echo \"error: The sandbox is not in sync with the Podfile.lock. Run 'pod install' or update your CocoaPods installation.\" >&2\n    exit 1\nfi\n# This output is used by Xcode 'outputs' to avoid re-running this script phase.\necho \"SUCCESS\" > \"${SCRIPT_OUTPUT_FILE_0}\"\n";
			showEnvVarsInLog = 0;
		};
/* End PBXShellScriptBuildPhase section */

/* Begin PBXSourcesBuildPhase section */
		947A374522604170004BF175 /* Sources */ = {
			isa = PBXSourcesBuildPhase;
			buildActionMask = 2147483647;
			files = (
				947A375122604170004BF175 /* ViewController.m in Sources */,
				947A375C22604172004BF175 /* main.m in Sources */,
				947A374E22604170004BF175 /* AppDelegate.m in Sources */,
			);
			runOnlyForDeploymentPostprocessing = 0;
		};
/* End PBXSourcesBuildPhase section */

/* Begin PBXVariantGroup section */
		947A375222604170004BF175 /* Main.storyboard */ = {
			isa = PBXVariantGroup;
			children = (
				947A375322604170004BF175 /* Base */,
			);
			name = Main.storyboard;
			sourceTree = "<group>";
		};
		947A375722604172004BF175 /* LaunchScreen.storyboard */ = {
			isa = PBXVariantGroup;
			children = (
				947A375822604172004BF175 /* Base */,
			);
			name = LaunchScreen.storyboard;
			sourceTree = "<group>";
		};
/* End PBXVariantGroup section */

/* Begin XCBuildConfiguration section */
		947A375D22604172004BF175 /* Debug */ = {
			isa = XCBuildConfiguration;
			buildSettings = {
				ALWAYS_SEARCH_USER_PATHS = NO;
				CLANG_ANALYZER_NONNULL = YES;
				CLANG_ANALYZER_NUMBER_OBJECT_CONVERSION = YES_AGGRESSIVE;
				CLANG_CXX_LANGUAGE_STANDARD = "gnu++14";
				CLANG_CXX_LIBRARY = "libc++";
				CLANG_ENABLE_MODULES = YES;
				CLANG_ENABLE_OBJC_ARC = YES;
				CLANG_ENABLE_OBJC_WEAK = YES;
				CLANG_WARN_BLOCK_CAPTURE_AUTORELEASING = YES;
				CLANG_WARN_BOOL_CONVERSION = YES;
				CLANG_WARN_COMMA = YES;
				CLANG_WARN_CONSTANT_CONVERSION = YES;
				CLANG_WARN_DEPRECATED_OBJC_IMPLEMENTATIONS = YES;
				CLANG_WARN_DIRECT_OBJC_ISA_USAGE = YES_ERROR;
				CLANG_WARN_DOCUMENTATION_COMMENTS = YES;
				CLANG_WARN_EMPTY_BODY = YES;
				CLANG_WARN_ENUM_CONVERSION = YES;
				CLANG_WARN_INFINITE_RECURSION = YES;
				CLANG_WARN_INT_CONVERSION = YES;
				CLANG_WARN_NON_LITERAL_NULL_CONVERSION = YES;
				CLANG_WARN_OBJC_IMPLICIT_RETAIN_SELF = YES;
				CLANG_WARN_OBJC_LITERAL_CONVERSION = YES;
				CLANG_WARN_OBJC_ROOT_CLASS = YES_ERROR;
				CLANG_WARN_RANGE_LOOP_ANALYSIS = YES;
				CLANG_WARN_STRICT_PROTOTYPES = YES;
				CLANG_WARN_SUSPICIOUS_MOVE = YES;
				CLANG_WARN_UNGUARDED_AVAILABILITY = YES_AGGRESSIVE;
				CLANG_WARN_UNREACHABLE_CODE = YES;
				CLANG_WARN__DUPLICATE_METHOD_MATCH = YES;
				CODE_SIGN_IDENTITY = "iPhone Developer";
				COPY_PHASE_STRIP = NO;
				DEBUG_INFORMATION_FORMAT = dwarf;
				ENABLE_STRICT_OBJC_MSGSEND = YES;
				ENABLE_TESTABILITY = YES;
				GCC_C_LANGUAGE_STANDARD = gnu11;
				GCC_DYNAMIC_NO_PIC = NO;
				GCC_NO_COMMON_BLOCKS = YES;
				GCC_OPTIMIZATION_LEVEL = 0;
				GCC_PREPROCESSOR_DEFINITIONS = (
					"DEBUG=1",
					"$(inherited)",
				);
				GCC_WARN_64_TO_32_BIT_CONVERSION = YES;
				GCC_WARN_ABOUT_RETURN_TYPE = YES_ERROR;
				GCC_WARN_UNDECLARED_SELECTOR = YES;
				GCC_WARN_UNINITIALIZED_AUTOS = YES_AGGRESSIVE;
				GCC_WARN_UNUSED_FUNCTION = YES;
				GCC_WARN_UNUSED_VARIABLE = YES;
				IPHONEOS_DEPLOYMENT_TARGET = 12.1;
				MTL_ENABLE_DEBUG_INFO = INCLUDE_SOURCE;
				MTL_FAST_MATH = YES;
				ONLY_ACTIVE_ARCH = YES;
				SDKROOT = iphoneos;
			};
			name = Debug;
		};
		947A375E22604172004BF175 /* Release */ = {
			isa = XCBuildConfiguration;
			buildSettings = {
				ALWAYS_SEARCH_USER_PATHS = NO;
				CLANG_ANALYZER_NONNULL = YES;
				CLANG_ANALYZER_NUMBER_OBJECT_CONVERSION = YES_AGGRESSIVE;
				CLANG_CXX_LANGUAGE_STANDARD = "gnu++14";
				CLANG_CXX_LIBRARY = "libc++";
				CLANG_ENABLE_MODULES = YES;
				CLANG_ENABLE_OBJC_ARC = YES;
				CLANG_ENABLE_OBJC_WEAK = YES;
				CLANG_WARN_BLOCK_CAPTURE_AUTORELEASING = YES;
				CLANG_WARN_BOOL_CONVERSION = YES;
				CLANG_WARN_COMMA = YES;
				CLANG_WARN_CONSTANT_CONVERSION = YES;
				CLANG_WARN_DEPRECATED_OBJC_IMPLEMENTATIONS = YES;
				CLANG_WARN_DIRECT_OBJC_ISA_USAGE = YES_ERROR;
				CLANG_WARN_DOCUMENTATION_COMMENTS = YES;
				CLANG_WARN_EMPTY_BODY = YES;
				CLANG_WARN_ENUM_CONVERSION = YES;
				CLANG_WARN_INFINITE_RECURSION = YES;
				CLANG_WARN_INT_CONVERSION = YES;
				CLANG_WARN_NON_LITERAL_NULL_CONVERSION = YES;
				CLANG_WARN_OBJC_IMPLICIT_RETAIN_SELF = YES;
				CLANG_WARN_OBJC_LITERAL_CONVERSION = YES;
				CLANG_WARN_OBJC_ROOT_CLASS = YES_ERROR;
				CLANG_WARN_RANGE_LOOP_ANALYSIS = YES;
				CLANG_WARN_STRICT_PROTOTYPES = YES;
				CLANG_WARN_SUSPICIOUS_MOVE = YES;
				CLANG_WARN_UNGUARDED_AVAILABILITY = YES_AGGRESSIVE;
				CLANG_WARN_UNREACHABLE_CODE = YES;
				CLANG_WARN__DUPLICATE_METHOD_MATCH = YES;
				CODE_SIGN_IDENTITY = "iPhone Developer";
				COPY_PHASE_STRIP = NO;
				DEBUG_INFORMATION_FORMAT = "dwarf-with-dsym";
				ENABLE_NS_ASSERTIONS = NO;
				ENABLE_STRICT_OBJC_MSGSEND = YES;
				GCC_C_LANGUAGE_STANDARD = gnu11;
				GCC_NO_COMMON_BLOCKS = YES;
				GCC_WARN_64_TO_32_BIT_CONVERSION = YES;
				GCC_WARN_ABOUT_RETURN_TYPE = YES_ERROR;
				GCC_WARN_UNDECLARED_SELECTOR = YES;
				GCC_WARN_UNINITIALIZED_AUTOS = YES_AGGRESSIVE;
				GCC_WARN_UNUSED_FUNCTION = YES;
				GCC_WARN_UNUSED_VARIABLE = YES;
				IPHONEOS_DEPLOYMENT_TARGET = 12.1;
				MTL_ENABLE_DEBUG_INFO = NO;
				MTL_FAST_MATH = YES;
				SDKROOT = iphoneos;
				VALIDATE_PRODUCT = YES;
			};
			name = Release;
		};
		947A376022604172004BF175 /* Debug */ = {
			isa = XCBuildConfiguration;
			baseConfigurationReference = 72EB2D794792EA710A88DBF1 /* Pods-CZUtils.debug.xcconfig */;
			buildSettings = {
				ASSETCATALOG_COMPILER_APPICON_NAME = AppIcon;
				CODE_SIGN_STYLE = Automatic;
				INFOPLIST_FILE = CZUtils/Info.plist;
				LD_RUNPATH_SEARCH_PATHS = (
					"$(inherited)",
					"@executable_path/Frameworks",
				);
				PRODUCT_BUNDLE_IDENTIFIER = com.chenzhe.CZUtils;
				PRODUCT_NAME = "$(TARGET_NAME)";
				TARGETED_DEVICE_FAMILY = "1,2";
			};
			name = Debug;
		};
		947A376122604172004BF175 /* Release */ = {
			isa = XCBuildConfiguration;
			baseConfigurationReference = 68361D8D67895AC49717B16E /* Pods-CZUtils.release.xcconfig */;
			buildSettings = {
				ASSETCATALOG_COMPILER_APPICON_NAME = AppIcon;
				CODE_SIGN_STYLE = Automatic;
				INFOPLIST_FILE = CZUtils/Info.plist;
				LD_RUNPATH_SEARCH_PATHS = (
					"$(inherited)",
					"@executable_path/Frameworks",
				);
				PRODUCT_BUNDLE_IDENTIFIER = com.chenzhe.CZUtils;
				PRODUCT_NAME = "$(TARGET_NAME)";
				TARGETED_DEVICE_FAMILY = "1,2";
			};
			name = Release;
		};
/* End XCBuildConfiguration section */

/* Begin XCConfigurationList section */
		947A374422604170004BF175 /* Build configuration list for PBXProject "CZUtils" */ = {
			isa = XCConfigurationList;
			buildConfigurations = (
				947A375D22604172004BF175 /* Debug */,
				947A375E22604172004BF175 /* Release */,
			);
			defaultConfigurationIsVisible = 0;
			defaultConfigurationName = Release;
		};
		947A375F22604172004BF175 /* Build configuration list for PBXNativeTarget "CZUtils" */ = {
			isa = XCConfigurationList;
			buildConfigurations = (
				947A376022604172004BF175 /* Debug */,
				947A376122604172004BF175 /* Release */,
			);
			defaultConfigurationIsVisible = 0;
			defaultConfigurationName = Release;
		};
/* End XCConfigurationList section */
	};
	rootObject = 947A374122604170004BF175 /* Project object */;
}
